// !$*UTF8*$!
{
	archiveVersion = 1;
	classes = {
	};
	objectVersion = 50;
	objects = {

/* Begin PBXBuildFile section */
		D99210812680863E00200BE7 /* AppDelegate.swift in Sources */ = {isa = PBXBuildFile; fileRef = D99210802680863E00200BE7 /* AppDelegate.swift */; };
		D99210832680863E00200BE7 /* SceneDelegate.swift in Sources */ = {isa = PBXBuildFile; fileRef = D99210822680863E00200BE7 /* SceneDelegate.swift */; };
		D99210852680863E00200BE7 /* ViewController.swift in Sources */ = {isa = PBXBuildFile; fileRef = D99210842680863E00200BE7 /* ViewController.swift */; };
		D99210882680863E00200BE7 /* Main.storyboard in Resources */ = {isa = PBXBuildFile; fileRef = D99210862680863E00200BE7 /* Main.storyboard */; };
		D992108B2680863F00200BE7 /* RCs.xcdatamodeld in Sources */ = {isa = PBXBuildFile; fileRef = D99210892680863F00200BE7 /* RCs.xcdatamodeld */; };
		D992108D2680864D00200BE7 /* Assets.xcassets in Resources */ = {isa = PBXBuildFile; fileRef = D992108C2680864D00200BE7 /* Assets.xcassets */; };
		D99210902680864D00200BE7 /* LaunchScreen.storyboard in Resources */ = {isa = PBXBuildFile; fileRef = D992108E2680864D00200BE7 /* LaunchScreen.storyboard */; };
		D992109E268089A800200BE7 /* Project.swift in Sources */ = {isa = PBXBuildFile; fileRef = D992109D268089A800200BE7 /* Project.swift */; };
		D99210A1268089B600200BE7 /* AllProjects.swift in Sources */ = {isa = PBXBuildFile; fileRef = D99210A0268089B600200BE7 /* AllProjects.swift */; };
		D99210AA26808A6D00200BE7 /* SimulateRcs.swift in Sources */ = {isa = PBXBuildFile; fileRef = D99210A926808A6D00200BE7 /* SimulateRcs.swift */; };
		D99210AD26808A7B00200BE7 /* TestCompiler.swift in Sources */ = {isa = PBXBuildFile; fileRef = D99210AC26808A7B00200BE7 /* TestCompiler.swift */; };
		D99210B026808B0600200BE7 /* CoreDataManager.swift in Sources */ = {isa = PBXBuildFile; fileRef = D99210AF26808B0600200BE7 /* CoreDataManager.swift */; };
		D99210C2268098AA00200BE7 /* ProjectDM+CoreDataClass.swift in Sources */ = {isa = PBXBuildFile; fileRef = D99210C0268098AA00200BE7 /* ProjectDM+CoreDataClass.swift */; };
		D99210C3268098AA00200BE7 /* ProjectDM+CoreDataProperties.swift in Sources */ = {isa = PBXBuildFile; fileRef = D99210C1268098AA00200BE7 /* ProjectDM+CoreDataProperties.swift */; };
/* End PBXBuildFile section */

/* Begin PBXFileReference section */
		D992107D2680863E00200BE7 /* RCs.app */ = {isa = PBXFileReference; explicitFileType = wrapper.application; includeInIndex = 0; path = RCs.app; sourceTree = BUILT_PRODUCTS_DIR; };
		D99210802680863E00200BE7 /* AppDelegate.swift */ = {isa = PBXFileReference; lastKnownFileType = sourcecode.swift; path = AppDelegate.swift; sourceTree = "<group>"; };
		D99210822680863E00200BE7 /* SceneDelegate.swift */ = {isa = PBXFileReference; lastKnownFileType = sourcecode.swift; path = SceneDelegate.swift; sourceTree = "<group>"; };
		D99210842680863E00200BE7 /* ViewController.swift */ = {isa = PBXFileReference; lastKnownFileType = sourcecode.swift; path = ViewController.swift; sourceTree = "<group>"; };
		D99210872680863E00200BE7 /* Base */ = {isa = PBXFileReference; lastKnownFileType = file.storyboard; name = Base; path = Base.lproj/Main.storyboard; sourceTree = "<group>"; };
		D992108A2680863F00200BE7 /* RCs.xcdatamodel */ = {isa = PBXFileReference; lastKnownFileType = wrapper.xcdatamodel; path = RCs.xcdatamodel; sourceTree = "<group>"; };
		D992108C2680864D00200BE7 /* Assets.xcassets */ = {isa = PBXFileReference; lastKnownFileType = folder.assetcatalog; path = Assets.xcassets; sourceTree = "<group>"; };
		D992108F2680864D00200BE7 /* Base */ = {isa = PBXFileReference; lastKnownFileType = file.storyboard; name = Base; path = Base.lproj/LaunchScreen.storyboard; sourceTree = "<group>"; };
		D99210912680864D00200BE7 /* Info.plist */ = {isa = PBXFileReference; lastKnownFileType = text.plist.xml; path = Info.plist; sourceTree = "<group>"; };
		D992109D268089A800200BE7 /* Project.swift */ = {isa = PBXFileReference; lastKnownFileType = sourcecode.swift; path = Project.swift; sourceTree = "<group>"; };
		D99210A0268089B600200BE7 /* AllProjects.swift */ = {isa = PBXFileReference; lastKnownFileType = sourcecode.swift; path = AllProjects.swift; sourceTree = "<group>"; };
		D99210A926808A6D00200BE7 /* SimulateRcs.swift */ = {isa = PBXFileReference; lastKnownFileType = sourcecode.swift; path = SimulateRcs.swift; sourceTree = "<group>"; };
		D99210AC26808A7B00200BE7 /* TestCompiler.swift */ = {isa = PBXFileReference; lastKnownFileType = sourcecode.swift; path = TestCompiler.swift; sourceTree = "<group>"; };
		D99210AF26808B0600200BE7 /* CoreDataManager.swift */ = {isa = PBXFileReference; lastKnownFileType = sourcecode.swift; path = CoreDataManager.swift; sourceTree = "<group>"; };
		D99210C0268098AA00200BE7 /* ProjectDM+CoreDataClass.swift */ = {isa = PBXFileReference; lastKnownFileType = sourcecode.swift; path = "ProjectDM+CoreDataClass.swift"; sourceTree = "<group>"; };
		D99210C1268098AA00200BE7 /* ProjectDM+CoreDataProperties.swift */ = {isa = PBXFileReference; lastKnownFileType = sourcecode.swift; path = "ProjectDM+CoreDataProperties.swift"; sourceTree = "<group>"; };
/* End PBXFileReference section */

/* Begin PBXFrameworksBuildPhase section */
		D992107A2680863E00200BE7 /* Frameworks */ = {
			isa = PBXFrameworksBuildPhase;
			buildActionMask = 2147483647;
			files = (
			);
			runOnlyForDeploymentPostprocessing = 0;
		};
/* End PBXFrameworksBuildPhase section */

/* Begin PBXGroup section */
		D99210742680863E00200BE7 = {
			isa = PBXGroup;
			children = (
				D992107F2680863E00200BE7 /* RCs */,
				D992107E2680863E00200BE7 /* Products */,
			);
			sourceTree = "<group>";
		};
		D992107E2680863E00200BE7 /* Products */ = {
			isa = PBXGroup;
			children = (
				D992107D2680863E00200BE7 /* RCs.app */,
			);
			name = Products;
			sourceTree = "<group>";
		};
		D992107F2680863E00200BE7 /* RCs */ = {
			isa = PBXGroup;
			children = (
				D992109C2680894500200BE7 /* View */,
				D992109B2680893D00200BE7 /* Delegate */,
				D992109A2680893500200BE7 /* Controller */,
				D99210992680892A00200BE7 /* Model */,
				D99210982680892200200BE7 /* DataModel */,
				D992108C2680864D00200BE7 /* Assets.xcassets */,
				D99210912680864D00200BE7 /* Info.plist */,
			);
			path = RCs;
			sourceTree = "<group>";
		};
		D99210982680892200200BE7 /* DataModel */ = {
			isa = PBXGroup;
			children = (
				D99210C0268098AA00200BE7 /* ProjectDM+CoreDataClass.swift */,
				D99210C1268098AA00200BE7 /* ProjectDM+CoreDataProperties.swift */,
				D99210892680863F00200BE7 /* RCs.xcdatamodeld */,
			);
			path = DataModel;
			sourceTree = "<group>";
		};
		D99210992680892A00200BE7 /* Model */ = {
			isa = PBXGroup;
			children = (
				D992109D268089A800200BE7 /* Project.swift */,
				D99210A0268089B600200BE7 /* AllProjects.swift */,
				D99210A926808A6D00200BE7 /* SimulateRcs.swift */,
				D99210AC26808A7B00200BE7 /* TestCompiler.swift */,
				D99210AF26808B0600200BE7 /* CoreDataManager.swift */,
			);
			path = Model;
			sourceTree = "<group>";
		};
		D992109A2680893500200BE7 /* Controller */ = {
			isa = PBXGroup;
			children = (
				D99210842680863E00200BE7 /* ViewController.swift */,
			);
			path = Controller;
			sourceTree = "<group>";
		};
		D992109B2680893D00200BE7 /* Delegate */ = {
			isa = PBXGroup;
			children = (
				D99210802680863E00200BE7 /* AppDelegate.swift */,
				D99210822680863E00200BE7 /* SceneDelegate.swift */,
			);
			path = Delegate;
			sourceTree = "<group>";
		};
		D992109C2680894500200BE7 /* View */ = {
			isa = PBXGroup;
			children = (
				D99210862680863E00200BE7 /* Main.storyboard */,
				D992108E2680864D00200BE7 /* LaunchScreen.storyboard */,
			);
			path = View;
			sourceTree = "<group>";
		};
/* End PBXGroup section */

/* Begin PBXNativeTarget section */
		D992107C2680863E00200BE7 /* RCs */ = {
			isa = PBXNativeTarget;
			buildConfigurationList = D99210942680864D00200BE7 /* Build configuration list for PBXNativeTarget "RCs" */;
			buildPhases = (
				D99210792680863E00200BE7 /* Sources */,
				D992107A2680863E00200BE7 /* Frameworks */,
				D992107B2680863E00200BE7 /* Resources */,
			);
			buildRules = (
			);
			dependencies = (
			);
			name = RCs;
			productName = RCs;
			productReference = D992107D2680863E00200BE7 /* RCs.app */;
			productType = "com.apple.product-type.application";
		};
/* End PBXNativeTarget section */

/* Begin PBXProject section */
		D99210752680863E00200BE7 /* Project object */ = {
			isa = PBXProject;
			attributes = {
				LastSwiftUpdateCheck = 1240;
				LastUpgradeCheck = 1240;
				TargetAttributes = {
					D992107C2680863E00200BE7 = {
						CreatedOnToolsVersion = 12.4;
					};
				};
			};
			buildConfigurationList = D99210782680863E00200BE7 /* Build configuration list for PBXProject "RCs" */;
			compatibilityVersion = "Xcode 9.3";
			developmentRegion = en;
			hasScannedForEncodings = 0;
			knownRegions = (
				en,
				Base,
			);
			mainGroup = D99210742680863E00200BE7;
			productRefGroup = D992107E2680863E00200BE7 /* Products */;
			projectDirPath = "";
			projectRoot = "";
			targets = (
				D992107C2680863E00200BE7 /* RCs */,
			);
		};
/* End PBXProject section */

/* Begin PBXResourcesBuildPhase section */
		D992107B2680863E00200BE7 /* Resources */ = {
			isa = PBXResourcesBuildPhase;
			buildActionMask = 2147483647;
			files = (
				D99210902680864D00200BE7 /* LaunchScreen.storyboard in Resources */,
				D992108D2680864D00200BE7 /* Assets.xcassets in Resources */,
				D99210882680863E00200BE7 /* Main.storyboard in Resources */,
			);
			runOnlyForDeploymentPostprocessing = 0;
		};
/* End PBXResourcesBuildPhase section */

/* Begin PBXSourcesBuildPhase section */
		D99210792680863E00200BE7 /* Sources */ = {
			isa = PBXSourcesBuildPhase;
			buildActionMask = 2147483647;
			files = (
				D992108B2680863F00200BE7 /* RCs.xcdatamodeld in Sources */,
				D99210C3268098AA00200BE7 /* ProjectDM+CoreDataProperties.swift in Sources */,
				D99210A1268089B600200BE7 /* AllProjects.swift in Sources */,
				D99210852680863E00200BE7 /* ViewController.swift in Sources */,
				D99210812680863E00200BE7 /* AppDelegate.swift in Sources */,
				D99210C2268098AA00200BE7 /* ProjectDM+CoreDataClass.swift in Sources */,
				D992109E268089A800200BE7 /* Project.swift in Sources */,
				D99210832680863E00200BE7 /* SceneDelegate.swift in Sources */,
				D99210AA26808A6D00200BE7 /* SimulateRcs.swift in Sources */,
				D99210AD26808A7B00200BE7 /* TestCompiler.swift in Sources */,
				D99210B026808B0600200BE7 /* CoreDataManager.swift in Sources */,
			);
			runOnlyForDeploymentPostprocessing = 0;
		};
/* End PBXSourcesBuildPhase section */

/* Begin PBXVariantGroup section */
		D99210862680863E00200BE7 /* Main.storyboard */ = {
			isa = PBXVariantGroup;
			children = (
				D99210872680863E00200BE7 /* Base */,
			);
			name = Main.storyboard;
			sourceTree = "<group>";
		};
		D992108E2680864D00200BE7 /* LaunchScreen.storyboard */ = {
			isa = PBXVariantGroup;
			children = (
				D992108F2680864D00200BE7 /* Base */,
			);
			name = LaunchScreen.storyboard;
			sourceTree = "<group>";
		};
/* End PBXVariantGroup section */

/* Begin XCBuildConfiguration section */
		D99210922680864D00200BE7 /* Debug */ = {
			isa = XCBuildConfiguration;
			buildSettings = {
				ALWAYS_SEARCH_USER_PATHS = NO;
				CLANG_ANALYZER_NONNULL = YES;
				CLANG_ANALYZER_NUMBER_OBJECT_CONVERSION = YES_AGGRESSIVE;
				CLANG_CXX_LANGUAGE_STANDARD = "gnu++14";
				CLANG_CXX_LIBRARY = "libc++";
				CLANG_ENABLE_MODULES = YES;
				CLANG_ENABLE_OBJC_ARC = YES;
				CLANG_ENABLE_OBJC_WEAK = YES;
				CLANG_WARN_BLOCK_CAPTURE_AUTORELEASING = YES;
				CLANG_WARN_BOOL_CONVERSION = YES;
				CLANG_WARN_COMMA = YES;
				CLANG_WARN_CONSTANT_CONVERSION = YES;
				CLANG_WARN_DEPRECATED_OBJC_IMPLEMENTATIONS = YES;
				CLANG_WARN_DIRECT_OBJC_ISA_USAGE = YES_ERROR;
				CLANG_WARN_DOCUMENTATION_COMMENTS = YES;
				CLANG_WARN_EMPTY_BODY = YES;
				CLANG_WARN_ENUM_CONVERSION = YES;
				CLANG_WARN_INFINITE_RECURSION = YES;
				CLANG_WARN_INT_CONVERSION = YES;
				CLANG_WARN_NON_LITERAL_NULL_CONVERSION = YES;
				CLANG_WARN_OBJC_IMPLICIT_RETAIN_SELF = YES;
				CLANG_WARN_OBJC_LITERAL_CONVERSION = YES;
				CLANG_WARN_OBJC_ROOT_CLASS = YES_ERROR;
				CLANG_WARN_QUOTED_INCLUDE_IN_FRAMEWORK_HEADER = YES;
				CLANG_WARN_RANGE_LOOP_ANALYSIS = YES;
				CLANG_WARN_STRICT_PROTOTYPES = YES;
				CLANG_WARN_SUSPICIOUS_MOVE = YES;
				CLANG_WARN_UNGUARDED_AVAILABILITY = YES_AGGRESSIVE;
				CLANG_WARN_UNREACHABLE_CODE = YES;
				CLANG_WARN__DUPLICATE_METHOD_MATCH = YES;
				COPY_PHASE_STRIP = NO;
				DEBUG_INFORMATION_FORMAT = dwarf;
				ENABLE_STRICT_OBJC_MSGSEND = YES;
				ENABLE_TESTABILITY = YES;
				GCC_C_LANGUAGE_STANDARD = gnu11;
				GCC_DYNAMIC_NO_PIC = NO;
				GCC_NO_COMMON_BLOCKS = YES;
				GCC_OPTIMIZATION_LEVEL = 0;
				GCC_PREPROCESSOR_DEFINITIONS = (
					"DEBUG=1",
					"$(inherited)",
				);
				GCC_WARN_64_TO_32_BIT_CONVERSION = YES;
				GCC_WARN_ABOUT_RETURN_TYPE = YES_ERROR;
				GCC_WARN_UNDECLARED_SELECTOR = YES;
				GCC_WARN_UNINITIALIZED_AUTOS = YES_AGGRESSIVE;
				GCC_WARN_UNUSED_FUNCTION = YES;
				GCC_WARN_UNUSED_VARIABLE = YES;
				IPHONEOS_DEPLOYMENT_TARGET = 14.4;
				MTL_ENABLE_DEBUG_INFO = INCLUDE_SOURCE;
				MTL_FAST_MATH = YES;
				ONLY_ACTIVE_ARCH = YES;
				SDKROOT = iphoneos;
				SWIFT_ACTIVE_COMPILATION_CONDITIONS = DEBUG;
				SWIFT_OPTIMIZATION_LEVEL = "-Onone";
			};
			name = Debug;
		};
		D99210932680864D00200BE7 /* Release */ = {
			isa = XCBuildConfiguration;
			buildSettings = {
				ALWAYS_SEARCH_USER_PATHS = NO;
				CLANG_ANALYZER_NONNULL = YES;
				CLANG_ANALYZER_NUMBER_OBJECT_CONVERSION = YES_AGGRESSIVE;
				CLANG_CXX_LANGUAGE_STANDARD = "gnu++14";
				CLANG_CXX_LIBRARY = "libc++";
				CLANG_ENABLE_MODULES = YES;
				CLANG_ENABLE_OBJC_ARC = YES;
				CLANG_ENABLE_OBJC_WEAK = YES;
				CLANG_WARN_BLOCK_CAPTURE_AUTORELEASING = YES;
				CLANG_WARN_BOOL_CONVERSION = YES;
				CLANG_WARN_COMMA = YES;
				CLANG_WARN_CONSTANT_CONVERSION = YES;
				CLANG_WARN_DEPRECATED_OBJC_IMPLEMENTATIONS = YES;
				CLANG_WARN_DIRECT_OBJC_ISA_USAGE = YES_ERROR;
				CLANG_WARN_DOCUMENTATION_COMMENTS = YES;
				CLANG_WARN_EMPTY_BODY = YES;
				CLANG_WARN_ENUM_CONVERSION = YES;
				CLANG_WARN_INFINITE_RECURSION = YES;
				CLANG_WARN_INT_CONVERSION = YES;
				CLANG_WARN_NON_LITERAL_NULL_CONVERSION = YES;
				CLANG_WARN_OBJC_IMPLICIT_RETAIN_SELF = YES;
				CLANG_WARN_OBJC_LITERAL_CONVERSION = YES;
				CLANG_WARN_OBJC_ROOT_CLASS = YES_ERROR;
				CLANG_WARN_QUOTED_INCLUDE_IN_FRAMEWORK_HEADER = YES;
				CLANG_WARN_RANGE_LOOP_ANALYSIS = YES;
				CLANG_WARN_STRICT_PROTOTYPES = YES;
				CLANG_WARN_SUSPICIOUS_MOVE = YES;
				CLANG_WARN_UNGUARDED_AVAILABILITY = YES_AGGRESSIVE;
				CLANG_WARN_UNREACHABLE_CODE = YES;
				CLANG_WARN__DUPLICATE_METHOD_MATCH = YES;
				COPY_PHASE_STRIP = NO;
				DEBUG_INFORMATION_FORMAT = "dwarf-with-dsym";
				ENABLE_NS_ASSERTIONS = NO;
				ENABLE_STRICT_OBJC_MSGSEND = YES;
				GCC_C_LANGUAGE_STANDARD = gnu11;
				GCC_NO_COMMON_BLOCKS = YES;
				GCC_WARN_64_TO_32_BIT_CONVERSION = YES;
				GCC_WARN_ABOUT_RETURN_TYPE = YES_ERROR;
				GCC_WARN_UNDECLARED_SELECTOR = YES;
				GCC_WARN_UNINITIALIZED_AUTOS = YES_AGGRESSIVE;
				GCC_WARN_UNUSED_FUNCTION = YES;
				GCC_WARN_UNUSED_VARIABLE = YES;
				IPHONEOS_DEPLOYMENT_TARGET = 14.4;
				MTL_ENABLE_DEBUG_INFO = NO;
				MTL_FAST_MATH = YES;
				SDKROOT = iphoneos;
				SWIFT_COMPILATION_MODE = wholemodule;
				SWIFT_OPTIMIZATION_LEVEL = "-O";
				VALIDATE_PRODUCT = YES;
			};
			name = Release;
		};
		D99210952680864D00200BE7 /* Debug */ = {
			isa = XCBuildConfiguration;
			buildSettings = {
				ASSETCATALOG_COMPILER_APPICON_NAME = AppIcon;
				ASSETCATALOG_COMPILER_GLOBAL_ACCENT_COLOR_NAME = AccentColor;
				CODE_SIGN_STYLE = Automatic;
				DEVELOPMENT_TEAM = HMLB4UKN32;
				INFOPLIST_FILE = RCs/Info.plist;
				LD_RUNPATH_SEARCH_PATHS = (
					"$(inherited)",
					"@executable_path/Frameworks",
				);
				PRODUCT_BUNDLE_IDENTIFIER = com.lunaSoftware.RCs;
				PRODUCT_NAME = "$(TARGET_NAME)";
				SWIFT_VERSION = 5.0;
				TARGETED_DEVICE_FAMILY = "1,2";
			};
			name = Debug;
		};
		D99210962680864D00200BE7 /* Release */ = {
			isa = XCBuildConfiguration;
			buildSettings = {
				ASSETCATALOG_COMPILER_APPICON_NAME = AppIcon;
				ASSETCATALOG_COMPILER_GLOBAL_ACCENT_COLOR_NAME = AccentColor;
				CODE_SIGN_STYLE = Automatic;
				DEVELOPMENT_TEAM = HMLB4UKN32;
				INFOPLIST_FILE = RCs/Info.plist;
				LD_RUNPATH_SEARCH_PATHS = (
					"$(inherited)",
					"@executable_path/Frameworks",
				);
				PRODUCT_BUNDLE_IDENTIFIER = com.lunaSoftware.RCs;
				PRODUCT_NAME = "$(TARGET_NAME)";
				SWIFT_VERSION = 5.0;
				TARGETED_DEVICE_FAMILY = "1,2";
			};
			name = Release;
		};
/* End XCBuildConfiguration section */

/* Begin XCConfigurationList section */
		D99210782680863E00200BE7 /* Build configuration list for PBXProject "RCs" */ = {
			isa = XCConfigurationList;
			buildConfigurations = (
				D99210922680864D00200BE7 /* Debug */,
				D99210932680864D00200BE7 /* Release */,
			);
			defaultConfigurationIsVisible = 0;
			defaultConfigurationName = Release;
		};
		D99210942680864D00200BE7 /* Build configuration list for PBXNativeTarget "RCs" */ = {
			isa = XCConfigurationList;
			buildConfigurations = (
				D99210952680864D00200BE7 /* Debug */,
				D99210962680864D00200BE7 /* Release */,
			);
			defaultConfigurationIsVisible = 0;
			defaultConfigurationName = Release;
		};
/* End XCConfigurationList section */

/* Begin XCVersionGroup section */
		D99210892680863F00200BE7 /* RCs.xcdatamodeld */ = {
			isa = XCVersionGroup;
			children = (
				D992108A2680863F00200BE7 /* RCs.xcdatamodel */,
			);
			currentVersion = D992108A2680863F00200BE7 /* RCs.xcdatamodel */;
			path = RCs.xcdatamodeld;
			sourceTree = "<group>";
			versionGroupType = wrapper.xcdatamodel;
		};
/* End XCVersionGroup section */
	};
	rootObject = D99210752680863E00200BE7 /* Project object */;
}
